
Microsoft Visual Studio Solution File, Format Version 12.00
# Visual Studio Version 17
VisualStudioVersion = 17.6.33815.320
MinimumVisualStudioVersion = 10.0.40219.1
Project("{888888A0-9F3D-457C-B088-3A5042F75D52}") = "wise team 4", "wise team 4\wise team 4.pyproj", "{433F1623-61A2-447C-9F91-DCF09ABA8AC3}"
EndProject
Global
	GlobalSection(SolutionConfigurationPlatforms) = preSolution
		Debug|Any CPU = Debug|Any CPU
		Release|Any CPU = Release|Any CPU
	EndGlobalSection
	GlobalSection(ProjectConfigurationPlatforms) = postSolution
		{433F1623-61A2-447C-9F91-DCF09ABA8AC3}.Debug|Any CPU.ActiveCfg = Debug|Any CPU
		{433F1623-61A2-447C-9F91-DCF09ABA8AC3}.Release|Any CPU.ActiveCfg = Release|Any CPU
	EndGlobalSection
	GlobalSection(SolutionProperties) = preSolution
		HideSolutionNode = FALSE
	EndGlobalSection
	GlobalSection(ExtensibilityGlobals) = postSolution
		SolutionGuid = {47EA0FFE-FFE1-4EDF-B442-8A81E195041A}
	EndGlobalSection
EndGlobal
